// !$*UTF8*$!
{
	archiveVersion = 1;
	classes = {
	};
	objectVersion = 51;
	objects = {

/* Begin PBXBuildFile section */
		74DA51261A3B68F40D3E284D /* Pods_contacts_APP.framework in Frameworks */ = {isa = PBXBuildFile; fileRef = 704AE8DCAEA327EADE402EAC /* Pods_contacts_APP.framework */; };
		AA37A050D74DFF8238A58875 /* Pods_contacts_APP_contacts_APPUITests.framework in Frameworks */ = {isa = PBXBuildFile; fileRef = 37D8B9064459851E0B63973F /* Pods_contacts_APP_contacts_APPUITests.framework */; };
		AFF9540FB4E9E007F72BAFC0 /* Pods_contacts_APPTests.framework in Frameworks */ = {isa = PBXBuildFile; fileRef = 09B53C3C8F278B6D1B0B1105 /* Pods_contacts_APPTests.framework */; };
		BA74C33524DAD89A0072FF21 /* AppDelegate.swift in Sources */ = {isa = PBXBuildFile; fileRef = BA74C33424DAD89A0072FF21 /* AppDelegate.swift */; };
		BA74C33724DAD89A0072FF21 /* SceneDelegate.swift in Sources */ = {isa = PBXBuildFile; fileRef = BA74C33624DAD89A0072FF21 /* SceneDelegate.swift */; };
		BA74C33924DAD89A0072FF21 /* ViewController.swift in Sources */ = {isa = PBXBuildFile; fileRef = BA74C33824DAD89A0072FF21 /* ViewController.swift */; };
		BA74C33C24DAD89A0072FF21 /* Main.storyboard in Resources */ = {isa = PBXBuildFile; fileRef = BA74C33A24DAD89A0072FF21 /* Main.storyboard */; };
		BA74C33E24DAD89D0072FF21 /* Assets.xcassets in Resources */ = {isa = PBXBuildFile; fileRef = BA74C33D24DAD89D0072FF21 /* Assets.xcassets */; };
		BA74C34124DAD89D0072FF21 /* LaunchScreen.storyboard in Resources */ = {isa = PBXBuildFile; fileRef = BA74C33F24DAD89D0072FF21 /* LaunchScreen.storyboard */; };
		BA74C34C24DAD89D0072FF21 /* contacts_APPTests.swift in Sources */ = {isa = PBXBuildFile; fileRef = BA74C34B24DAD89D0072FF21 /* contacts_APPTests.swift */; };
		BA74C35724DAD89D0072FF21 /* contacts_APPUITests.swift in Sources */ = {isa = PBXBuildFile; fileRef = BA74C35624DAD89D0072FF21 /* contacts_APPUITests.swift */; };
		BA74C3A724DC180F0072FF21 /* ContactsApi.swift in Sources */ = {isa = PBXBuildFile; fileRef = BA74C3A624DC180F0072FF21 /* ContactsApi.swift */; };
		BA74C3A924DC183F0072FF21 /* ProductApiTest.swift in Sources */ = {isa = PBXBuildFile; fileRef = BA74C3A824DC183F0072FF21 /* ProductApiTest.swift */; };
		BA74C3AB24DC190E0072FF21 /* GetContactsTests.swift in Sources */ = {isa = PBXBuildFile; fileRef = BA74C3AA24DC190E0072FF21 /* GetContactsTests.swift */; };
		BA74C3AD24DC196E0072FF21 /* Observable+GetEmit.swift in Sources */ = {isa = PBXBuildFile; fileRef = BA74C3AC24DC196E0072FF21 /* Observable+GetEmit.swift */; };
		BA74C3B024DC19A50072FF21 /* GetContacts.swift in Sources */ = {isa = PBXBuildFile; fileRef = BA74C3AF24DC19A50072FF21 /* GetContacts.swift */; };
		BA74C3B324DC1D170072FF21 /* ContactResponseTest.swift in Sources */ = {isa = PBXBuildFile; fileRef = BA74C3B224DC1D170072FF21 /* ContactResponseTest.swift */; };
		BA74C3B524DC1D3A0072FF21 /* ContactsListResponse.swift in Sources */ = {isa = PBXBuildFile; fileRef = BA74C3B424DC1D3A0072FF21 /* ContactsListResponse.swift */; };
		BA74C3C524DC60F40072FF21 /* GetContactsProvider.swift in Sources */ = {isa = PBXBuildFile; fileRef = BA74C3C424DC60F40072FF21 /* GetContactsProvider.swift */; };
		BA74C3C724DC64240072FF21 /* GetContactsProviderTest.swift in Sources */ = {isa = PBXBuildFile; fileRef = BA74C3C624DC64240072FF21 /* GetContactsProviderTest.swift */; };
		BA74C3CB24DC65FE0072FF21 /* ContactListViewModelTests.swift in Sources */ = {isa = PBXBuildFile; fileRef = BA74C3CA24DC65FE0072FF21 /* ContactListViewModelTests.swift */; };
		BA74C3CD24DC67260072FF21 /* ProductApiMock.swift in Sources */ = {isa = PBXBuildFile; fileRef = BA74C3CC24DC67260072FF21 /* ProductApiMock.swift */; };
		BA74C3D024DC69300072FF21 /* ContactListViewModel.swift in Sources */ = {isa = PBXBuildFile; fileRef = BA74C3CF24DC69300072FF21 /* ContactListViewModel.swift */; };
		BA74C3D424DD748F0072FF21 /* ContactsTableViewCell.swift in Sources */ = {isa = PBXBuildFile; fileRef = BA74C3D224DD748F0072FF21 /* ContactsTableViewCell.swift */; };
		BA74C3D524DD748F0072FF21 /* ContactsTableViewCell.xib in Resources */ = {isa = PBXBuildFile; fileRef = BA74C3D324DD748F0072FF21 /* ContactsTableViewCell.xib */; };
		BA74C3D824DD8D0C0072FF21 /* ContactDetailViewController.swift in Sources */ = {isa = PBXBuildFile; fileRef = BA74C3D624DD8D0C0072FF21 /* ContactDetailViewController.swift */; };
		BA74C3D924DD8D0C0072FF21 /* ContactDetailViewController.xib in Resources */ = {isa = PBXBuildFile; fileRef = BA74C3D724DD8D0C0072FF21 /* ContactDetailViewController.xib */; };
		BA74C3DB24DD9DB70072FF21 /* ContactDetailViewModel.swift in Sources */ = {isa = PBXBuildFile; fileRef = BA74C3DA24DD9DB70072FF21 /* ContactDetailViewModel.swift */; };
		BA74C3DD24DD9E260072FF21 /* GetContactDetail.swift in Sources */ = {isa = PBXBuildFile; fileRef = BA74C3DC24DD9E260072FF21 /* GetContactDetail.swift */; };
		BA74C3DF24DD9F410072FF21 /* ContactDetailResponse.swift in Sources */ = {isa = PBXBuildFile; fileRef = BA74C3DE24DD9F410072FF21 /* ContactDetailResponse.swift */; };
		BA74C3E124DDA02A0072FF21 /* GetContactDetailProvider.swift in Sources */ = {isa = PBXBuildFile; fileRef = BA74C3E024DDA02A0072FF21 /* GetContactDetailProvider.swift */; };
/* End PBXBuildFile section */

/* Begin PBXContainerItemProxy section */
		BA74C34824DAD89D0072FF21 /* PBXContainerItemProxy */ = {
			isa = PBXContainerItemProxy;
			containerPortal = BA74C32924DAD89A0072FF21 /* Project object */;
			proxyType = 1;
			remoteGlobalIDString = BA74C33024DAD89A0072FF21;
			remoteInfo = "contacts-APP";
		};
		BA74C35324DAD89D0072FF21 /* PBXContainerItemProxy */ = {
			isa = PBXContainerItemProxy;
			containerPortal = BA74C32924DAD89A0072FF21 /* Project object */;
			proxyType = 1;
			remoteGlobalIDString = BA74C33024DAD89A0072FF21;
			remoteInfo = "contacts-APP";
		};
/* End PBXContainerItemProxy section */

/* Begin PBXFileReference section */
		09B53C3C8F278B6D1B0B1105 /* Pods_contacts_APPTests.framework */ = {isa = PBXFileReference; explicitFileType = wrapper.framework; includeInIndex = 0; path = Pods_contacts_APPTests.framework; sourceTree = BUILT_PRODUCTS_DIR; };
		1FE62DB9D0D21AFF2B437D70 /* Pods-contacts-APPTests.release.xcconfig */ = {isa = PBXFileReference; includeInIndex = 1; lastKnownFileType = text.xcconfig; name = "Pods-contacts-APPTests.release.xcconfig"; path = "Target Support Files/Pods-contacts-APPTests/Pods-contacts-APPTests.release.xcconfig"; sourceTree = "<group>"; };
		355168DD7099F932FBE5EA38 /* Pods-contacts-APP.debug.xcconfig */ = {isa = PBXFileReference; includeInIndex = 1; lastKnownFileType = text.xcconfig; name = "Pods-contacts-APP.debug.xcconfig"; path = "Target Support Files/Pods-contacts-APP/Pods-contacts-APP.debug.xcconfig"; sourceTree = "<group>"; };
		37D8B9064459851E0B63973F /* Pods_contacts_APP_contacts_APPUITests.framework */ = {isa = PBXFileReference; explicitFileType = wrapper.framework; includeInIndex = 0; path = Pods_contacts_APP_contacts_APPUITests.framework; sourceTree = BUILT_PRODUCTS_DIR; };
		704AE8DCAEA327EADE402EAC /* Pods_contacts_APP.framework */ = {isa = PBXFileReference; explicitFileType = wrapper.framework; includeInIndex = 0; path = Pods_contacts_APP.framework; sourceTree = BUILT_PRODUCTS_DIR; };
		84EE779017601381F0924113 /* Pods-contacts-APP-contacts-APPUITests.release.xcconfig */ = {isa = PBXFileReference; includeInIndex = 1; lastKnownFileType = text.xcconfig; name = "Pods-contacts-APP-contacts-APPUITests.release.xcconfig"; path = "Target Support Files/Pods-contacts-APP-contacts-APPUITests/Pods-contacts-APP-contacts-APPUITests.release.xcconfig"; sourceTree = "<group>"; };
		879BD5C9258049ACAE05E2E1 /* Pods-contacts-APP.release.xcconfig */ = {isa = PBXFileReference; includeInIndex = 1; lastKnownFileType = text.xcconfig; name = "Pods-contacts-APP.release.xcconfig"; path = "Target Support Files/Pods-contacts-APP/Pods-contacts-APP.release.xcconfig"; sourceTree = "<group>"; };
		BA74C33124DAD89A0072FF21 /* contacts-APP.app */ = {isa = PBXFileReference; explicitFileType = wrapper.application; includeInIndex = 0; path = "contacts-APP.app"; sourceTree = BUILT_PRODUCTS_DIR; };
		BA74C33424DAD89A0072FF21 /* AppDelegate.swift */ = {isa = PBXFileReference; lastKnownFileType = sourcecode.swift; path = AppDelegate.swift; sourceTree = "<group>"; };
		BA74C33624DAD89A0072FF21 /* SceneDelegate.swift */ = {isa = PBXFileReference; lastKnownFileType = sourcecode.swift; path = SceneDelegate.swift; sourceTree = "<group>"; };
		BA74C33824DAD89A0072FF21 /* ViewController.swift */ = {isa = PBXFileReference; lastKnownFileType = sourcecode.swift; path = ViewController.swift; sourceTree = "<group>"; };
		BA74C33B24DAD89A0072FF21 /* Base */ = {isa = PBXFileReference; lastKnownFileType = file.storyboard; name = Base; path = Base.lproj/Main.storyboard; sourceTree = "<group>"; };
		BA74C33D24DAD89D0072FF21 /* Assets.xcassets */ = {isa = PBXFileReference; lastKnownFileType = folder.assetcatalog; path = Assets.xcassets; sourceTree = "<group>"; };
		BA74C34024DAD89D0072FF21 /* Base */ = {isa = PBXFileReference; lastKnownFileType = file.storyboard; name = Base; path = Base.lproj/LaunchScreen.storyboard; sourceTree = "<group>"; };
		BA74C34224DAD89D0072FF21 /* Info.plist */ = {isa = PBXFileReference; lastKnownFileType = text.plist.xml; path = Info.plist; sourceTree = "<group>"; };
		BA74C34724DAD89D0072FF21 /* contacts-APPTests.xctest */ = {isa = PBXFileReference; explicitFileType = wrapper.cfbundle; includeInIndex = 0; path = "contacts-APPTests.xctest"; sourceTree = BUILT_PRODUCTS_DIR; };
		BA74C34B24DAD89D0072FF21 /* contacts_APPTests.swift */ = {isa = PBXFileReference; lastKnownFileType = sourcecode.swift; path = contacts_APPTests.swift; sourceTree = "<group>"; };
		BA74C34D24DAD89D0072FF21 /* Info.plist */ = {isa = PBXFileReference; lastKnownFileType = text.plist.xml; path = Info.plist; sourceTree = "<group>"; };
		BA74C35224DAD89D0072FF21 /* contacts-APPUITests.xctest */ = {isa = PBXFileReference; explicitFileType = wrapper.cfbundle; includeInIndex = 0; path = "contacts-APPUITests.xctest"; sourceTree = BUILT_PRODUCTS_DIR; };
		BA74C35624DAD89D0072FF21 /* contacts_APPUITests.swift */ = {isa = PBXFileReference; lastKnownFileType = sourcecode.swift; path = contacts_APPUITests.swift; sourceTree = "<group>"; };
		BA74C35824DAD89D0072FF21 /* Info.plist */ = {isa = PBXFileReference; lastKnownFileType = text.plist.xml; path = Info.plist; sourceTree = "<group>"; };
		BA74C3A624DC180F0072FF21 /* ContactsApi.swift */ = {isa = PBXFileReference; lastKnownFileType = sourcecode.swift; path = ContactsApi.swift; sourceTree = "<group>"; };
		BA74C3A824DC183F0072FF21 /* ProductApiTest.swift */ = {isa = PBXFileReference; lastKnownFileType = sourcecode.swift; path = ProductApiTest.swift; sourceTree = "<group>"; };
		BA74C3AA24DC190E0072FF21 /* GetContactsTests.swift */ = {isa = PBXFileReference; lastKnownFileType = sourcecode.swift; path = GetContactsTests.swift; sourceTree = "<group>"; };
		BA74C3AC24DC196E0072FF21 /* Observable+GetEmit.swift */ = {isa = PBXFileReference; lastKnownFileType = sourcecode.swift; path = "Observable+GetEmit.swift"; sourceTree = "<group>"; };
		BA74C3AF24DC19A50072FF21 /* GetContacts.swift */ = {isa = PBXFileReference; lastKnownFileType = sourcecode.swift; path = GetContacts.swift; sourceTree = "<group>"; };
		BA74C3B224DC1D170072FF21 /* ContactResponseTest.swift */ = {isa = PBXFileReference; lastKnownFileType = sourcecode.swift; path = ContactResponseTest.swift; sourceTree = "<group>"; };
		BA74C3B424DC1D3A0072FF21 /* ContactsListResponse.swift */ = {isa = PBXFileReference; lastKnownFileType = sourcecode.swift; path = ContactsListResponse.swift; sourceTree = "<group>"; };
		BA74C3C424DC60F40072FF21 /* GetContactsProvider.swift */ = {isa = PBXFileReference; lastKnownFileType = sourcecode.swift; path = GetContactsProvider.swift; sourceTree = "<group>"; };
		BA74C3C624DC64240072FF21 /* GetContactsProviderTest.swift */ = {isa = PBXFileReference; lastKnownFileType = sourcecode.swift; path = GetContactsProviderTest.swift; sourceTree = "<group>"; };
		BA74C3CA24DC65FE0072FF21 /* ContactListViewModelTests.swift */ = {isa = PBXFileReference; lastKnownFileType = sourcecode.swift; path = ContactListViewModelTests.swift; sourceTree = "<group>"; };
		BA74C3CC24DC67260072FF21 /* ProductApiMock.swift */ = {isa = PBXFileReference; lastKnownFileType = sourcecode.swift; path = ProductApiMock.swift; sourceTree = "<group>"; };
		BA74C3CF24DC69300072FF21 /* ContactListViewModel.swift */ = {isa = PBXFileReference; lastKnownFileType = sourcecode.swift; path = ContactListViewModel.swift; sourceTree = "<group>"; };
		BA74C3D224DD748F0072FF21 /* ContactsTableViewCell.swift */ = {isa = PBXFileReference; lastKnownFileType = sourcecode.swift; path = ContactsTableViewCell.swift; sourceTree = "<group>"; };
		BA74C3D324DD748F0072FF21 /* ContactsTableViewCell.xib */ = {isa = PBXFileReference; lastKnownFileType = file.xib; path = ContactsTableViewCell.xib; sourceTree = "<group>"; };
		BA74C3D624DD8D0C0072FF21 /* ContactDetailViewController.swift */ = {isa = PBXFileReference; lastKnownFileType = sourcecode.swift; path = ContactDetailViewController.swift; sourceTree = "<group>"; };
		BA74C3D724DD8D0C0072FF21 /* ContactDetailViewController.xib */ = {isa = PBXFileReference; lastKnownFileType = file.xib; path = ContactDetailViewController.xib; sourceTree = "<group>"; };
		BA74C3DA24DD9DB70072FF21 /* ContactDetailViewModel.swift */ = {isa = PBXFileReference; lastKnownFileType = sourcecode.swift; path = ContactDetailViewModel.swift; sourceTree = "<group>"; };
		BA74C3DC24DD9E260072FF21 /* GetContactDetail.swift */ = {isa = PBXFileReference; lastKnownFileType = sourcecode.swift; path = GetContactDetail.swift; sourceTree = "<group>"; };
		BA74C3DE24DD9F410072FF21 /* ContactDetailResponse.swift */ = {isa = PBXFileReference; lastKnownFileType = sourcecode.swift; path = ContactDetailResponse.swift; sourceTree = "<group>"; };
		BA74C3E024DDA02A0072FF21 /* GetContactDetailProvider.swift */ = {isa = PBXFileReference; lastKnownFileType = sourcecode.swift; path = GetContactDetailProvider.swift; sourceTree = "<group>"; };
		D223B2518EAFE028F3927D1F /* Pods-contacts-APP-contacts-APPUITests.debug.xcconfig */ = {isa = PBXFileReference; includeInIndex = 1; lastKnownFileType = text.xcconfig; name = "Pods-contacts-APP-contacts-APPUITests.debug.xcconfig"; path = "Target Support Files/Pods-contacts-APP-contacts-APPUITests/Pods-contacts-APP-contacts-APPUITests.debug.xcconfig"; sourceTree = "<group>"; };
		F945823B57BBB6A9F8A3EE23 /* Pods-contacts-APPTests.debug.xcconfig */ = {isa = PBXFileReference; includeInIndex = 1; lastKnownFileType = text.xcconfig; name = "Pods-contacts-APPTests.debug.xcconfig"; path = "Target Support Files/Pods-contacts-APPTests/Pods-contacts-APPTests.debug.xcconfig"; sourceTree = "<group>"; };
/* End PBXFileReference section */

/* Begin PBXFrameworksBuildPhase section */
		BA74C32E24DAD89A0072FF21 /* Frameworks */ = {
			isa = PBXFrameworksBuildPhase;
			buildActionMask = 2147483647;
			files = (
				74DA51261A3B68F40D3E284D /* Pods_contacts_APP.framework in Frameworks */,
			);
			runOnlyForDeploymentPostprocessing = 0;
		};
		BA74C34424DAD89D0072FF21 /* Frameworks */ = {
			isa = PBXFrameworksBuildPhase;
			buildActionMask = 2147483647;
			files = (
				AFF9540FB4E9E007F72BAFC0 /* Pods_contacts_APPTests.framework in Frameworks */,
			);
			runOnlyForDeploymentPostprocessing = 0;
		};
		BA74C34F24DAD89D0072FF21 /* Frameworks */ = {
			isa = PBXFrameworksBuildPhase;
			buildActionMask = 2147483647;
			files = (
				AA37A050D74DFF8238A58875 /* Pods_contacts_APP_contacts_APPUITests.framework in Frameworks */,
			);
			runOnlyForDeploymentPostprocessing = 0;
		};
/* End PBXFrameworksBuildPhase section */

/* Begin PBXGroup section */
		01B629715ABB8779424C252E /* Frameworks */ = {
			isa = PBXGroup;
			children = (
				704AE8DCAEA327EADE402EAC /* Pods_contacts_APP.framework */,
				37D8B9064459851E0B63973F /* Pods_contacts_APP_contacts_APPUITests.framework */,
				09B53C3C8F278B6D1B0B1105 /* Pods_contacts_APPTests.framework */,
			);
			name = Frameworks;
			sourceTree = "<group>";
		};
		682C71372D51B0CA3AE82231 /* Pods */ = {
			isa = PBXGroup;
			children = (
				355168DD7099F932FBE5EA38 /* Pods-contacts-APP.debug.xcconfig */,
				879BD5C9258049ACAE05E2E1 /* Pods-contacts-APP.release.xcconfig */,
				D223B2518EAFE028F3927D1F /* Pods-contacts-APP-contacts-APPUITests.debug.xcconfig */,
				84EE779017601381F0924113 /* Pods-contacts-APP-contacts-APPUITests.release.xcconfig */,
				F945823B57BBB6A9F8A3EE23 /* Pods-contacts-APPTests.debug.xcconfig */,
				1FE62DB9D0D21AFF2B437D70 /* Pods-contacts-APPTests.release.xcconfig */,
			);
			path = Pods;
			sourceTree = "<group>";
		};
		BA74C32824DAD89A0072FF21 = {
			isa = PBXGroup;
			children = (
				BA74C33324DAD89A0072FF21 /* contacts-APP */,
				BA74C3A224DC17D20072FF21 /* Unit Tests */,
				BA74C3A324DC17D80072FF21 /* Integration Tests */,
				BA74C34A24DAD89D0072FF21 /* contacts-APPTests */,
				BA74C35524DAD89D0072FF21 /* contacts-APPUITests */,
				BA74C33224DAD89A0072FF21 /* Products */,
				682C71372D51B0CA3AE82231 /* Pods */,
				01B629715ABB8779424C252E /* Frameworks */,
			);
			sourceTree = "<group>";
		};
		BA74C33224DAD89A0072FF21 /* Products */ = {
			isa = PBXGroup;
			children = (
				BA74C33124DAD89A0072FF21 /* contacts-APP.app */,
				BA74C34724DAD89D0072FF21 /* contacts-APPTests.xctest */,
				BA74C35224DAD89D0072FF21 /* contacts-APPUITests.xctest */,
			);
			name = Products;
			sourceTree = "<group>";
		};
		BA74C33324DAD89A0072FF21 /* contacts-APP */ = {
			isa = PBXGroup;
			children = (
				BA74C3D124DD746C0072FF21 /* View */,
				BA74C3CE24DC691F0072FF21 /* ViewModel */,
				BA74C3B124DC1CD90072FF21 /* Interactors */,
				BA74C3AE24DC19920072FF21 /* Adapter */,
				BA74C3A024DC179A0072FF21 /* Public */,
				BA74C33424DAD89A0072FF21 /* AppDelegate.swift */,
				BA74C33624DAD89A0072FF21 /* SceneDelegate.swift */,
				BA74C33D24DAD89D0072FF21 /* Assets.xcassets */,
				BA74C33F24DAD89D0072FF21 /* LaunchScreen.storyboard */,
				BA74C34224DAD89D0072FF21 /* Info.plist */,
			);
			path = "contacts-APP";
			sourceTree = "<group>";
		};
		BA74C34A24DAD89D0072FF21 /* contacts-APPTests */ = {
			isa = PBXGroup;
			children = (
				BA74C34B24DAD89D0072FF21 /* contacts_APPTests.swift */,
				BA74C34D24DAD89D0072FF21 /* Info.plist */,
			);
			path = "contacts-APPTests";
			sourceTree = "<group>";
		};
		BA74C35524DAD89D0072FF21 /* contacts-APPUITests */ = {
			isa = PBXGroup;
			children = (
				BA74C35624DAD89D0072FF21 /* contacts_APPUITests.swift */,
				BA74C35824DAD89D0072FF21 /* Info.plist */,
			);
			path = "contacts-APPUITests";
			sourceTree = "<group>";
		};
		BA74C3A024DC179A0072FF21 /* Public */ = {
			isa = PBXGroup;
			children = (
				BA74C3A524DC17F20072FF21 /* Util */,
				BA74C3A424DC17ED0072FF21 /* API */,
			);
			path = Public;
			sourceTree = "<group>";
		};
		BA74C3A224DC17D20072FF21 /* Unit Tests */ = {
			isa = PBXGroup;
			children = (
				BA74C3A824DC183F0072FF21 /* ProductApiTest.swift */,
				BA74C3B224DC1D170072FF21 /* ContactResponseTest.swift */,
				BA74C3C624DC64240072FF21 /* GetContactsProviderTest.swift */,
				BA74C3CA24DC65FE0072FF21 /* ContactListViewModelTests.swift */,
				BA74C3CC24DC67260072FF21 /* ProductApiMock.swift */,
			);
			path = "Unit Tests";
			sourceTree = "<group>";
		};
		BA74C3A324DC17D80072FF21 /* Integration Tests */ = {
			isa = PBXGroup;
			children = (
				BA74C3AA24DC190E0072FF21 /* GetContactsTests.swift */,
			);
			path = "Integration Tests";
			sourceTree = "<group>";
		};
		BA74C3A424DC17ED0072FF21 /* API */ = {
			isa = PBXGroup;
			children = (
				BA74C3A624DC180F0072FF21 /* ContactsApi.swift */,
			);
			path = API;
			sourceTree = "<group>";
		};
		BA74C3A524DC17F20072FF21 /* Util */ = {
			isa = PBXGroup;
			children = (
				BA74C3AC24DC196E0072FF21 /* Observable+GetEmit.swift */,
			);
			path = Util;
			sourceTree = "<group>";
		};
		BA74C3AE24DC19920072FF21 /* Adapter */ = {
			isa = PBXGroup;
			children = (
				BA74C3AF24DC19A50072FF21 /* GetContacts.swift */,
				BA74C3DC24DD9E260072FF21 /* GetContactDetail.swift */,
			);
			path = Adapter;
			sourceTree = "<group>";
		};
		BA74C3B124DC1CD90072FF21 /* Interactors */ = {
			isa = PBXGroup;
			children = (
				BA74C3B424DC1D3A0072FF21 /* ContactsListResponse.swift */,
				BA74C3C424DC60F40072FF21 /* GetContactsProvider.swift */,
				BA74C3DE24DD9F410072FF21 /* ContactDetailResponse.swift */,
				BA74C3E024DDA02A0072FF21 /* GetContactDetailProvider.swift */,
			);
			path = Interactors;
			sourceTree = "<group>";
		};
		BA74C3CE24DC691F0072FF21 /* ViewModel */ = {
			isa = PBXGroup;
			children = (
				BA74C3CF24DC69300072FF21 /* ContactListViewModel.swift */,
				BA74C3DA24DD9DB70072FF21 /* ContactDetailViewModel.swift */,
			);
			path = ViewModel;
			sourceTree = "<group>";
		};
		BA74C3D124DD746C0072FF21 /* View */ = {
			isa = PBXGroup;
			children = (
				BA74C33824DAD89A0072FF21 /* ViewController.swift */,
				BA74C33A24DAD89A0072FF21 /* Main.storyboard */,
				BA74C3D224DD748F0072FF21 /* ContactsTableViewCell.swift */,
				BA74C3D324DD748F0072FF21 /* ContactsTableViewCell.xib */,
				BA74C3D624DD8D0C0072FF21 /* ContactDetailViewController.swift */,
				BA74C3D724DD8D0C0072FF21 /* ContactDetailViewController.xib */,
			);
			path = View;
			sourceTree = "<group>";
		};
/* End PBXGroup section */

/* Begin PBXNativeTarget section */
		BA74C33024DAD89A0072FF21 /* contacts-APP */ = {
			isa = PBXNativeTarget;
			buildConfigurationList = BA74C35B24DAD89D0072FF21 /* Build configuration list for PBXNativeTarget "contacts-APP" */;
			buildPhases = (
				01FB5332CB2091E9E630BF05 /* [CP] Check Pods Manifest.lock */,
				BA74C32D24DAD89A0072FF21 /* Sources */,
				BA74C32E24DAD89A0072FF21 /* Frameworks */,
				BA74C32F24DAD89A0072FF21 /* Resources */,
				FCD721D01841B9234ED803F1 /* [CP] Embed Pods Frameworks */,
			);
			buildRules = (
			);
			dependencies = (
			);
			name = "contacts-APP";
			productName = "contacts-APP";
			productReference = BA74C33124DAD89A0072FF21 /* contacts-APP.app */;
			productType = "com.apple.product-type.application";
		};
		BA74C34624DAD89D0072FF21 /* contacts-APPTests */ = {
			isa = PBXNativeTarget;
			buildConfigurationList = BA74C35E24DAD89D0072FF21 /* Build configuration list for PBXNativeTarget "contacts-APPTests" */;
			buildPhases = (
				01CC7E611850A998A21411EE /* [CP] Check Pods Manifest.lock */,
				BA74C34324DAD89D0072FF21 /* Sources */,
				BA74C34424DAD89D0072FF21 /* Frameworks */,
				BA74C34524DAD89D0072FF21 /* Resources */,
				A3EEB08302929BBD37AABC61 /* [CP] Embed Pods Frameworks */,
			);
			buildRules = (
			);
			dependencies = (
				BA74C34924DAD89D0072FF21 /* PBXTargetDependency */,
			);
			name = "contacts-APPTests";
			productName = "contacts-APPTests";
			productReference = BA74C34724DAD89D0072FF21 /* contacts-APPTests.xctest */;
			productType = "com.apple.product-type.bundle.unit-test";
		};
		BA74C35124DAD89D0072FF21 /* contacts-APPUITests */ = {
			isa = PBXNativeTarget;
			buildConfigurationList = BA74C36124DAD89D0072FF21 /* Build configuration list for PBXNativeTarget "contacts-APPUITests" */;
			buildPhases = (
				2011DF9985C3B279D829E188 /* [CP] Check Pods Manifest.lock */,
				BA74C34E24DAD89D0072FF21 /* Sources */,
				BA74C34F24DAD89D0072FF21 /* Frameworks */,
				BA74C35024DAD89D0072FF21 /* Resources */,
				66CACBD11A2966B02775CC4D /* [CP] Embed Pods Frameworks */,
			);
			buildRules = (
			);
			dependencies = (
				BA74C35424DAD89D0072FF21 /* PBXTargetDependency */,
			);
			name = "contacts-APPUITests";
			productName = "contacts-APPUITests";
			productReference = BA74C35224DAD89D0072FF21 /* contacts-APPUITests.xctest */;
			productType = "com.apple.product-type.bundle.ui-testing";
		};
/* End PBXNativeTarget section */

/* Begin PBXProject section */
		BA74C32924DAD89A0072FF21 /* Project object */ = {
			isa = PBXProject;
			attributes = {
				LastSwiftUpdateCheck = 1140;
				LastUpgradeCheck = 1140;
				ORGANIZATIONNAME = "Yonathan Wijaya";
				TargetAttributes = {
					BA74C33024DAD89A0072FF21 = {
						CreatedOnToolsVersion = 11.4;
					};
					BA74C34624DAD89D0072FF21 = {
						CreatedOnToolsVersion = 11.4;
						TestTargetID = BA74C33024DAD89A0072FF21;
					};
					BA74C35124DAD89D0072FF21 = {
						CreatedOnToolsVersion = 11.4;
						TestTargetID = BA74C33024DAD89A0072FF21;
					};
				};
			};
			buildConfigurationList = BA74C32C24DAD89A0072FF21 /* Build configuration list for PBXProject "contacts-APP" */;
			compatibilityVersion = "Xcode 9.3";
			developmentRegion = en;
			hasScannedForEncodings = 0;
			knownRegions = (
				en,
				Base,
			);
			mainGroup = BA74C32824DAD89A0072FF21;
			productRefGroup = BA74C33224DAD89A0072FF21 /* Products */;
			projectDirPath = "";
			projectRoot = "";
			targets = (
				BA74C33024DAD89A0072FF21 /* contacts-APP */,
				BA74C34624DAD89D0072FF21 /* contacts-APPTests */,
				BA74C35124DAD89D0072FF21 /* contacts-APPUITests */,
			);
		};
/* End PBXProject section */

/* Begin PBXResourcesBuildPhase section */
		BA74C32F24DAD89A0072FF21 /* Resources */ = {
			isa = PBXResourcesBuildPhase;
			buildActionMask = 2147483647;
			files = (
				BA74C3D524DD748F0072FF21 /* ContactsTableViewCell.xib in Resources */,
				BA74C34124DAD89D0072FF21 /* LaunchScreen.storyboard in Resources */,
				BA74C33E24DAD89D0072FF21 /* Assets.xcassets in Resources */,
				BA74C3D924DD8D0C0072FF21 /* ContactDetailViewController.xib in Resources */,
				BA74C33C24DAD89A0072FF21 /* Main.storyboard in Resources */,
			);
			runOnlyForDeploymentPostprocessing = 0;
		};
		BA74C34524DAD89D0072FF21 /* Resources */ = {
			isa = PBXResourcesBuildPhase;
			buildActionMask = 2147483647;
			files = (
			);
			runOnlyForDeploymentPostprocessing = 0;
		};
		BA74C35024DAD89D0072FF21 /* Resources */ = {
			isa = PBXResourcesBuildPhase;
			buildActionMask = 2147483647;
			files = (
			);
			runOnlyForDeploymentPostprocessing = 0;
		};
/* End PBXResourcesBuildPhase section */

/* Begin PBXShellScriptBuildPhase section */
		01CC7E611850A998A21411EE /* [CP] Check Pods Manifest.lock */ = {
			isa = PBXShellScriptBuildPhase;
			buildActionMask = 2147483647;
			files = (
			);
			inputFileListPaths = (
			);
			inputPaths = (
				"${PODS_PODFILE_DIR_PATH}/Podfile.lock",
				"${PODS_ROOT}/Manifest.lock",
			);
			name = "[CP] Check Pods Manifest.lock";
			outputFileListPaths = (
			);
			outputPaths = (
				"$(DERIVED_FILE_DIR)/Pods-contacts-APPTests-checkManifestLockResult.txt",
			);
			runOnlyForDeploymentPostprocessing = 0;
			shellPath = /bin/sh;
			shellScript = "diff \"${PODS_PODFILE_DIR_PATH}/Podfile.lock\" \"${PODS_ROOT}/Manifest.lock\" > /dev/null\nif [ $? != 0 ] ; then\n    # print error to STDERR\n    echo \"error: The sandbox is not in sync with the Podfile.lock. Run 'pod install' or update your CocoaPods installation.\" >&2\n    exit 1\nfi\n# This output is used by Xcode 'outputs' to avoid re-running this script phase.\necho \"SUCCESS\" > \"${SCRIPT_OUTPUT_FILE_0}\"\n";
			showEnvVarsInLog = 0;
		};
		01FB5332CB2091E9E630BF05 /* [CP] Check Pods Manifest.lock */ = {
			isa = PBXShellScriptBuildPhase;
			buildActionMask = 2147483647;
			files = (
			);
			inputFileListPaths = (
			);
			inputPaths = (
				"${PODS_PODFILE_DIR_PATH}/Podfile.lock",
				"${PODS_ROOT}/Manifest.lock",
			);
			name = "[CP] Check Pods Manifest.lock";
			outputFileListPaths = (
			);
			outputPaths = (
				"$(DERIVED_FILE_DIR)/Pods-contacts-APP-checkManifestLockResult.txt",
			);
			runOnlyForDeploymentPostprocessing = 0;
			shellPath = /bin/sh;
			shellScript = "diff \"${PODS_PODFILE_DIR_PATH}/Podfile.lock\" \"${PODS_ROOT}/Manifest.lock\" > /dev/null\nif [ $? != 0 ] ; then\n    # print error to STDERR\n    echo \"error: The sandbox is not in sync with the Podfile.lock. Run 'pod install' or update your CocoaPods installation.\" >&2\n    exit 1\nfi\n# This output is used by Xcode 'outputs' to avoid re-running this script phase.\necho \"SUCCESS\" > \"${SCRIPT_OUTPUT_FILE_0}\"\n";
			showEnvVarsInLog = 0;
		};
		2011DF9985C3B279D829E188 /* [CP] Check Pods Manifest.lock */ = {
			isa = PBXShellScriptBuildPhase;
			buildActionMask = 2147483647;
			files = (
			);
			inputFileListPaths = (
			);
			inputPaths = (
				"${PODS_PODFILE_DIR_PATH}/Podfile.lock",
				"${PODS_ROOT}/Manifest.lock",
			);
			name = "[CP] Check Pods Manifest.lock";
			outputFileListPaths = (
			);
			outputPaths = (
				"$(DERIVED_FILE_DIR)/Pods-contacts-APP-contacts-APPUITests-checkManifestLockResult.txt",
			);
			runOnlyForDeploymentPostprocessing = 0;
			shellPath = /bin/sh;
			shellScript = "diff \"${PODS_PODFILE_DIR_PATH}/Podfile.lock\" \"${PODS_ROOT}/Manifest.lock\" > /dev/null\nif [ $? != 0 ] ; then\n    # print error to STDERR\n    echo \"error: The sandbox is not in sync with the Podfile.lock. Run 'pod install' or update your CocoaPods installation.\" >&2\n    exit 1\nfi\n# This output is used by Xcode 'outputs' to avoid re-running this script phase.\necho \"SUCCESS\" > \"${SCRIPT_OUTPUT_FILE_0}\"\n";
			showEnvVarsInLog = 0;
		};
		66CACBD11A2966B02775CC4D /* [CP] Embed Pods Frameworks */ = {
			isa = PBXShellScriptBuildPhase;
			buildActionMask = 2147483647;
			files = (
			);
			inputFileListPaths = (
				"${PODS_ROOT}/Target Support Files/Pods-contacts-APP-contacts-APPUITests/Pods-contacts-APP-contacts-APPUITests-frameworks-${CONFIGURATION}-input-files.xcfilelist",
			);
			name = "[CP] Embed Pods Frameworks";
			outputFileListPaths = (
				"${PODS_ROOT}/Target Support Files/Pods-contacts-APP-contacts-APPUITests/Pods-contacts-APP-contacts-APPUITests-frameworks-${CONFIGURATION}-output-files.xcfilelist",
			);
			runOnlyForDeploymentPostprocessing = 0;
			shellPath = /bin/sh;
			shellScript = "\"${PODS_ROOT}/Target Support Files/Pods-contacts-APP-contacts-APPUITests/Pods-contacts-APP-contacts-APPUITests-frameworks.sh\"\n";
			showEnvVarsInLog = 0;
		};
		A3EEB08302929BBD37AABC61 /* [CP] Embed Pods Frameworks */ = {
			isa = PBXShellScriptBuildPhase;
			buildActionMask = 2147483647;
			files = (
			);
			inputFileListPaths = (
				"${PODS_ROOT}/Target Support Files/Pods-contacts-APPTests/Pods-contacts-APPTests-frameworks-${CONFIGURATION}-input-files.xcfilelist",
			);
			name = "[CP] Embed Pods Frameworks";
			outputFileListPaths = (
				"${PODS_ROOT}/Target Support Files/Pods-contacts-APPTests/Pods-contacts-APPTests-frameworks-${CONFIGURATION}-output-files.xcfilelist",
			);
			runOnlyForDeploymentPostprocessing = 0;
			shellPath = /bin/sh;
			shellScript = "\"${PODS_ROOT}/Target Support Files/Pods-contacts-APPTests/Pods-contacts-APPTests-frameworks.sh\"\n";
			showEnvVarsInLog = 0;
		};
		FCD721D01841B9234ED803F1 /* [CP] Embed Pods Frameworks */ = {
			isa = PBXShellScriptBuildPhase;
			buildActionMask = 2147483647;
			files = (
			);
			inputFileListPaths = (
				"${PODS_ROOT}/Target Support Files/Pods-contacts-APP/Pods-contacts-APP-frameworks-${CONFIGURATION}-input-files.xcfilelist",
			);
			name = "[CP] Embed Pods Frameworks";
			outputFileListPaths = (
				"${PODS_ROOT}/Target Support Files/Pods-contacts-APP/Pods-contacts-APP-frameworks-${CONFIGURATION}-output-files.xcfilelist",
			);
			runOnlyForDeploymentPostprocessing = 0;
			shellPath = /bin/sh;
			shellScript = "\"${PODS_ROOT}/Target Support Files/Pods-contacts-APP/Pods-contacts-APP-frameworks.sh\"\n";
			showEnvVarsInLog = 0;
		};
/* End PBXShellScriptBuildPhase section */

/* Begin PBXSourcesBuildPhase section */
		BA74C32D24DAD89A0072FF21 /* Sources */ = {
			isa = PBXSourcesBuildPhase;
			buildActionMask = 2147483647;
			files = (
				BA74C3D424DD748F0072FF21 /* ContactsTableViewCell.swift in Sources */,
				BA74C3CD24DC67260072FF21 /* ProductApiMock.swift in Sources */,
				BA74C3DD24DD9E260072FF21 /* GetContactDetail.swift in Sources */,
				BA74C3E124DDA02A0072FF21 /* GetContactDetailProvider.swift in Sources */,
				BA74C33924DAD89A0072FF21 /* ViewController.swift in Sources */,
				BA74C3D024DC69300072FF21 /* ContactListViewModel.swift in Sources */,
				BA74C3DF24DD9F410072FF21 /* ContactDetailResponse.swift in Sources */,
				BA74C3B024DC19A50072FF21 /* GetContacts.swift in Sources */,
				BA74C3A724DC180F0072FF21 /* ContactsApi.swift in Sources */,
				BA74C3DB24DD9DB70072FF21 /* ContactDetailViewModel.swift in Sources */,
				BA74C3AD24DC196E0072FF21 /* Observable+GetEmit.swift in Sources */,
				BA74C33524DAD89A0072FF21 /* AppDelegate.swift in Sources */,
				BA74C33724DAD89A0072FF21 /* SceneDelegate.swift in Sources */,
				BA74C3C524DC60F40072FF21 /* GetContactsProvider.swift in Sources */,
				BA74C3D824DD8D0C0072FF21 /* ContactDetailViewController.swift in Sources */,
				BA74C3B524DC1D3A0072FF21 /* ContactsListResponse.swift in Sources */,
			);
			runOnlyForDeploymentPostprocessing = 0;
		};
		BA74C34324DAD89D0072FF21 /* Sources */ = {
			isa = PBXSourcesBuildPhase;
			buildActionMask = 2147483647;
			files = (
				BA74C3C724DC64240072FF21 /* GetContactsProviderTest.swift in Sources */,
				BA74C3CB24DC65FE0072FF21 /* ContactListViewModelTests.swift in Sources */,
				BA74C3A924DC183F0072FF21 /* ProductApiTest.swift in Sources */,
				BA74C34C24DAD89D0072FF21 /* contacts_APPTests.swift in Sources */,
				BA74C3AB24DC190E0072FF21 /* GetContactsTests.swift in Sources */,
				BA74C3B324DC1D170072FF21 /* ContactResponseTest.swift in Sources */,
			);
			runOnlyForDeploymentPostprocessing = 0;
		};
		BA74C34E24DAD89D0072FF21 /* Sources */ = {
			isa = PBXSourcesBuildPhase;
			buildActionMask = 2147483647;
			files = (
				BA74C35724DAD89D0072FF21 /* contacts_APPUITests.swift in Sources */,
			);
			runOnlyForDeploymentPostprocessing = 0;
		};
/* End PBXSourcesBuildPhase section */

/* Begin PBXTargetDependency section */
		BA74C34924DAD89D0072FF21 /* PBXTargetDependency */ = {
			isa = PBXTargetDependency;
			target = BA74C33024DAD89A0072FF21 /* contacts-APP */;
			targetProxy = BA74C34824DAD89D0072FF21 /* PBXContainerItemProxy */;
		};
		BA74C35424DAD89D0072FF21 /* PBXTargetDependency */ = {
			isa = PBXTargetDependency;
			target = BA74C33024DAD89A0072FF21 /* contacts-APP */;
			targetProxy = BA74C35324DAD89D0072FF21 /* PBXContainerItemProxy */;
		};
/* End PBXTargetDependency section */

/* Begin PBXVariantGroup section */
		BA74C33A24DAD89A0072FF21 /* Main.storyboard */ = {
			isa = PBXVariantGroup;
			children = (
				BA74C33B24DAD89A0072FF21 /* Base */,
			);
			name = Main.storyboard;
			sourceTree = "<group>";
		};
		BA74C33F24DAD89D0072FF21 /* LaunchScreen.storyboard */ = {
			isa = PBXVariantGroup;
			children = (
				BA74C34024DAD89D0072FF21 /* Base */,
			);
			name = LaunchScreen.storyboard;
			sourceTree = "<group>";
		};
/* End PBXVariantGroup section */

/* Begin XCBuildConfiguration section */
		BA74C35924DAD89D0072FF21 /* Debug */ = {
			isa = XCBuildConfiguration;
			buildSettings = {
				ALWAYS_SEARCH_USER_PATHS = NO;
				CLANG_ANALYZER_NONNULL = YES;
				CLANG_ANALYZER_NUMBER_OBJECT_CONVERSION = YES_AGGRESSIVE;
				CLANG_CXX_LANGUAGE_STANDARD = "gnu++14";
				CLANG_CXX_LIBRARY = "libc++";
				CLANG_ENABLE_MODULES = YES;
				CLANG_ENABLE_OBJC_ARC = YES;
				CLANG_ENABLE_OBJC_WEAK = YES;
				CLANG_WARN_BLOCK_CAPTURE_AUTORELEASING = YES;
				CLANG_WARN_BOOL_CONVERSION = YES;
				CLANG_WARN_COMMA = YES;
				CLANG_WARN_CONSTANT_CONVERSION = YES;
				CLANG_WARN_DEPRECATED_OBJC_IMPLEMENTATIONS = YES;
				CLANG_WARN_DIRECT_OBJC_ISA_USAGE = YES_ERROR;
				CLANG_WARN_DOCUMENTATION_COMMENTS = YES;
				CLANG_WARN_EMPTY_BODY = YES;
				CLANG_WARN_ENUM_CONVERSION = YES;
				CLANG_WARN_INFINITE_RECURSION = YES;
				CLANG_WARN_INT_CONVERSION = YES;
				CLANG_WARN_NON_LITERAL_NULL_CONVERSION = YES;
				CLANG_WARN_OBJC_IMPLICIT_RETAIN_SELF = YES;
				CLANG_WARN_OBJC_LITERAL_CONVERSION = YES;
				CLANG_WARN_OBJC_ROOT_CLASS = YES_ERROR;
				CLANG_WARN_RANGE_LOOP_ANALYSIS = YES;
				CLANG_WARN_STRICT_PROTOTYPES = YES;
				CLANG_WARN_SUSPICIOUS_MOVE = YES;
				CLANG_WARN_UNGUARDED_AVAILABILITY = YES_AGGRESSIVE;
				CLANG_WARN_UNREACHABLE_CODE = YES;
				CLANG_WARN__DUPLICATE_METHOD_MATCH = YES;
				COPY_PHASE_STRIP = NO;
				DEBUG_INFORMATION_FORMAT = dwarf;
				ENABLE_STRICT_OBJC_MSGSEND = YES;
				ENABLE_TESTABILITY = YES;
				GCC_C_LANGUAGE_STANDARD = gnu11;
				GCC_DYNAMIC_NO_PIC = NO;
				GCC_NO_COMMON_BLOCKS = YES;
				GCC_OPTIMIZATION_LEVEL = 0;
				GCC_PREPROCESSOR_DEFINITIONS = (
					"DEBUG=1",
					"$(inherited)",
				);
				GCC_WARN_64_TO_32_BIT_CONVERSION = YES;
				GCC_WARN_ABOUT_RETURN_TYPE = YES_ERROR;
				GCC_WARN_UNDECLARED_SELECTOR = YES;
				GCC_WARN_UNINITIALIZED_AUTOS = YES_AGGRESSIVE;
				GCC_WARN_UNUSED_FUNCTION = YES;
				GCC_WARN_UNUSED_VARIABLE = YES;
				IPHONEOS_DEPLOYMENT_TARGET = 13.4;
				MTL_ENABLE_DEBUG_INFO = INCLUDE_SOURCE;
				MTL_FAST_MATH = YES;
				ONLY_ACTIVE_ARCH = YES;
				SDKROOT = iphoneos;
				SWIFT_ACTIVE_COMPILATION_CONDITIONS = DEBUG;
				SWIFT_OPTIMIZATION_LEVEL = "-Onone";
			};
			name = Debug;
		};
		BA74C35A24DAD89D0072FF21 /* Release */ = {
			isa = XCBuildConfiguration;
			buildSettings = {
				ALWAYS_SEARCH_USER_PATHS = NO;
				CLANG_ANALYZER_NONNULL = YES;
				CLANG_ANALYZER_NUMBER_OBJECT_CONVERSION = YES_AGGRESSIVE;
				CLANG_CXX_LANGUAGE_STANDARD = "gnu++14";
				CLANG_CXX_LIBRARY = "libc++";
				CLANG_ENABLE_MODULES = YES;
				CLANG_ENABLE_OBJC_ARC = YES;
				CLANG_ENABLE_OBJC_WEAK = YES;
				CLANG_WARN_BLOCK_CAPTURE_AUTORELEASING = YES;
				CLANG_WARN_BOOL_CONVERSION = YES;
				CLANG_WARN_COMMA = YES;
				CLANG_WARN_CONSTANT_CONVERSION = YES;
				CLANG_WARN_DEPRECATED_OBJC_IMPLEMENTATIONS = YES;
				CLANG_WARN_DIRECT_OBJC_ISA_USAGE = YES_ERROR;
				CLANG_WARN_DOCUMENTATION_COMMENTS = YES;
				CLANG_WARN_EMPTY_BODY = YES;
				CLANG_WARN_ENUM_CONVERSION = YES;
				CLANG_WARN_INFINITE_RECURSION = YES;
				CLANG_WARN_INT_CONVERSION = YES;
				CLANG_WARN_NON_LITERAL_NULL_CONVERSION = YES;
				CLANG_WARN_OBJC_IMPLICIT_RETAIN_SELF = YES;
				CLANG_WARN_OBJC_LITERAL_CONVERSION = YES;
				CLANG_WARN_OBJC_ROOT_CLASS = YES_ERROR;
				CLANG_WARN_RANGE_LOOP_ANALYSIS = YES;
				CLANG_WARN_STRICT_PROTOTYPES = YES;
				CLANG_WARN_SUSPICIOUS_MOVE = YES;
				CLANG_WARN_UNGUARDED_AVAILABILITY = YES_AGGRESSIVE;
				CLANG_WARN_UNREACHABLE_CODE = YES;
				CLANG_WARN__DUPLICATE_METHOD_MATCH = YES;
				COPY_PHASE_STRIP = NO;
				DEBUG_INFORMATION_FORMAT = "dwarf-with-dsym";
				ENABLE_NS_ASSERTIONS = NO;
				ENABLE_STRICT_OBJC_MSGSEND = YES;
				GCC_C_LANGUAGE_STANDARD = gnu11;
				GCC_NO_COMMON_BLOCKS = YES;
				GCC_WARN_64_TO_32_BIT_CONVERSION = YES;
				GCC_WARN_ABOUT_RETURN_TYPE = YES_ERROR;
				GCC_WARN_UNDECLARED_SELECTOR = YES;
				GCC_WARN_UNINITIALIZED_AUTOS = YES_AGGRESSIVE;
				GCC_WARN_UNUSED_FUNCTION = YES;
				GCC_WARN_UNUSED_VARIABLE = YES;
				IPHONEOS_DEPLOYMENT_TARGET = 13.4;
				MTL_ENABLE_DEBUG_INFO = NO;
				MTL_FAST_MATH = YES;
				SDKROOT = iphoneos;
				SWIFT_COMPILATION_MODE = wholemodule;
				SWIFT_OPTIMIZATION_LEVEL = "-O";
				VALIDATE_PRODUCT = YES;
			};
			name = Release;
		};
		BA74C35C24DAD89D0072FF21 /* Debug */ = {
			isa = XCBuildConfiguration;
			baseConfigurationReference = 355168DD7099F932FBE5EA38 /* Pods-contacts-APP.debug.xcconfig */;
			buildSettings = {
				ASSETCATALOG_COMPILER_APPICON_NAME = AppIcon;
				CODE_SIGN_STYLE = Automatic;
				DEVELOPMENT_TEAM = 83VP966F94;
				INFOPLIST_FILE = "contacts-APP/Info.plist";
				LD_RUNPATH_SEARCH_PATHS = (
					"$(inherited)",
					"@executable_path/Frameworks",
				);
				PRODUCT_BUNDLE_IDENTIFIER = "com.contacts-APP";
				PRODUCT_NAME = "$(TARGET_NAME)";
				SWIFT_VERSION = 5.0;
				TARGETED_DEVICE_FAMILY = "1,2";
			};
			name = Debug;
		};
		BA74C35D24DAD89D0072FF21 /* Release */ = {
			isa = XCBuildConfiguration;
			baseConfigurationReference = 879BD5C9258049ACAE05E2E1 /* Pods-contacts-APP.release.xcconfig */;
			buildSettings = {
				ASSETCATALOG_COMPILER_APPICON_NAME = AppIcon;
				CODE_SIGN_STYLE = Automatic;
				DEVELOPMENT_TEAM = 83VP966F94;
				INFOPLIST_FILE = "contacts-APP/Info.plist";
				LD_RUNPATH_SEARCH_PATHS = (
					"$(inherited)",
					"@executable_path/Frameworks",
				);
				PRODUCT_BUNDLE_IDENTIFIER = "com.contacts-APP";
				PRODUCT_NAME = "$(TARGET_NAME)";
				SWIFT_VERSION = 5.0;
				TARGETED_DEVICE_FAMILY = "1,2";
			};
			name = Release;
		};
		BA74C35F24DAD89D0072FF21 /* Debug */ = {
			isa = XCBuildConfiguration;
			baseConfigurationReference = F945823B57BBB6A9F8A3EE23 /* Pods-contacts-APPTests.debug.xcconfig */;
			buildSettings = {
				ALWAYS_EMBED_SWIFT_STANDARD_LIBRARIES = YES;
				BUNDLE_LOADER = "$(TEST_HOST)";
				CODE_SIGN_STYLE = Automatic;
				DEVELOPMENT_TEAM = 83VP966F94;
				INFOPLIST_FILE = "contacts-APPTests/Info.plist";
				IPHONEOS_DEPLOYMENT_TARGET = 13.4;
				LD_RUNPATH_SEARCH_PATHS = (
					"$(inherited)",
					"@executable_path/Frameworks",
					"@loader_path/Frameworks",
				);
				PRODUCT_BUNDLE_IDENTIFIER = "com.contacts-APPTests";
				PRODUCT_NAME = "$(TARGET_NAME)";
				SWIFT_VERSION = 5.0;
				TARGETED_DEVICE_FAMILY = "1,2";
				TEST_HOST = "$(BUILT_PRODUCTS_DIR)/contacts-APP.app/contacts-APP";
			};
			name = Debug;
		};
		BA74C36024DAD89D0072FF21 /* Release */ = {
			isa = XCBuildConfiguration;
			baseConfigurationReference = 1FE62DB9D0D21AFF2B437D70 /* Pods-contacts-APPTests.release.xcconfig */;
			buildSettings = {
				ALWAYS_EMBED_SWIFT_STANDARD_LIBRARIES = YES;
				BUNDLE_LOADER = "$(TEST_HOST)";
				CODE_SIGN_STYLE = Automatic;
				DEVELOPMENT_TEAM = 83VP966F94;
				INFOPLIST_FILE = "contacts-APPTests/Info.plist";
				IPHONEOS_DEPLOYMENT_TARGET = 13.4;
				LD_RUNPATH_SEARCH_PATHS = (
					"$(inherited)",
					"@executable_path/Frameworks",
					"@loader_path/Frameworks",
				);
				PRODUCT_BUNDLE_IDENTIFIER = "com.contacts-APPTests";
				PRODUCT_NAME = "$(TARGET_NAME)";
				SWIFT_VERSION = 5.0;
				TARGETED_DEVICE_FAMILY = "1,2";
				TEST_HOST = "$(BUILT_PRODUCTS_DIR)/contacts-APP.app/contacts-APP";
			};
			name = Release;
		};
		BA74C36224DAD89D0072FF21 /* Debug */ = {
			isa = XCBuildConfiguration;
			baseConfigurationReference = D223B2518EAFE028F3927D1F /* Pods-contacts-APP-contacts-APPUITests.debug.xcconfig */;
			buildSettings = {
				ALWAYS_EMBED_SWIFT_STANDARD_LIBRARIES = YES;
				CODE_SIGN_STYLE = Automatic;
				DEVELOPMENT_TEAM = 83VP966F94;
				INFOPLIST_FILE = "contacts-APPUITests/Info.plist";
				LD_RUNPATH_SEARCH_PATHS = (
					"$(inherited)",
					"@executable_path/Frameworks",
					"@loader_path/Frameworks",
				);
				PRODUCT_BUNDLE_IDENTIFIER = "com.contacts-APPUITests";
				PRODUCT_NAME = "$(TARGET_NAME)";
				SWIFT_VERSION = 5.0;
				TARGETED_DEVICE_FAMILY = "1,2";
				TEST_TARGET_NAME = "contacts-APP";
			};
			name = Debug;
		};
		BA74C36324DAD89D0072FF21 /* Release */ = {
			isa = XCBuildConfiguration;
			baseConfigurationReference = 84EE779017601381F0924113 /* Pods-contacts-APP-contacts-APPUITests.release.xcconfig */;
			buildSettings = {
				ALWAYS_EMBED_SWIFT_STANDARD_LIBRARIES = YES;
				CODE_SIGN_STYLE = Automatic;
				DEVELOPMENT_TEAM = 83VP966F94;
				INFOPLIST_FILE = "contacts-APPUITests/Info.plist";
				LD_RUNPATH_SEARCH_PATHS = (
					"$(inherited)",
					"@executable_path/Frameworks",
					"@loader_path/Frameworks",
				);
				PRODUCT_BUNDLE_IDENTIFIER = "com.contacts-APPUITests";
				PRODUCT_NAME = "$(TARGET_NAME)";
				SWIFT_VERSION = 5.0;
				TARGETED_DEVICE_FAMILY = "1,2";
				TEST_TARGET_NAME = "contacts-APP";
			};
			name = Release;
		};
/* End XCBuildConfiguration section */

/* Begin XCConfigurationList section */
		BA74C32C24DAD89A0072FF21 /* Build configuration list for PBXProject "contacts-APP" */ = {
			isa = XCConfigurationList;
			buildConfigurations = (
				BA74C35924DAD89D0072FF21 /* Debug */,
				BA74C35A24DAD89D0072FF21 /* Release */,
			);
			defaultConfigurationIsVisible = 0;
			defaultConfigurationName = Release;
		};
		BA74C35B24DAD89D0072FF21 /* Build configuration list for PBXNativeTarget "contacts-APP" */ = {
			isa = XCConfigurationList;
			buildConfigurations = (
				BA74C35C24DAD89D0072FF21 /* Debug */,
				BA74C35D24DAD89D0072FF21 /* Release */,
			);
			defaultConfigurationIsVisible = 0;
			defaultConfigurationName = Release;
		};
		BA74C35E24DAD89D0072FF21 /* Build configuration list for PBXNativeTarget "contacts-APPTests" */ = {
			isa = XCConfigurationList;
			buildConfigurations = (
				BA74C35F24DAD89D0072FF21 /* Debug */,
				BA74C36024DAD89D0072FF21 /* Release */,
			);
			defaultConfigurationIsVisible = 0;
			defaultConfigurationName = Release;
		};
		BA74C36124DAD89D0072FF21 /* Build configuration list for PBXNativeTarget "contacts-APPUITests" */ = {
			isa = XCConfigurationList;
			buildConfigurations = (
				BA74C36224DAD89D0072FF21 /* Debug */,
				BA74C36324DAD89D0072FF21 /* Release */,
			);
			defaultConfigurationIsVisible = 0;
			defaultConfigurationName = Release;
		};
/* End XCConfigurationList section */
	};
	rootObject = BA74C32924DAD89A0072FF21 /* Project object */;
}
